
Microsoft Visual Studio Solution File, Format Version 10.00
# Visual Studio 2008
Project("{8BC9CEB8-8B4A-11D0-8D11-00A0C91BC942}") = "bmd101ECGDemo", "bmd101ECGDemo\bmd101ECGDemo.vcproj", "{8E0CFBCE-083F-42B1-B51A-0F7446F121EB}"
EndProject
Global
	GlobalSection(SolutionConfigurationPlatforms) = preSolution
		Debug|Win32 = Debug|Win32
		Release|Win32 = Release|Win32
	EndGlobalSection
	GlobalSection(ProjectConfigurationPlatforms) = postSolution
		{8E0CFBCE-083F-42B1-B51A-0F7446F121EB}.Debug|Win32.ActiveCfg = Debug|Win32
		{8E0CFBCE-083F-42B1-B51A-0F7446F121EB}.Debug|Win32.Build.0 = Debug|Win32
		{8E0CFBCE-083F-42B1-B51A-0F7446F121EB}.Release|Win32.ActiveCfg = Release|Win32
		{8E0CFBCE-083F-42B1-B51A-0F7446F121EB}.Release|Win32.Build.0 = Release|Win32
	EndGlobalSection
	GlobalSection(SolutionProperties) = preSolution
		HideSolutionNode = FALSE
	EndGlobalSection
EndGlobal
